
Microsoft Visual Studio Solution File, Format Version 12.00
Project("{FAE04EC0-301F-11D3-BF4B-00C04F79EFBC}") = "AQA course", "AQA course\AQA course.csproj", "{E51828F5-28AE-4052-B3CF-F13DA2B6D491}"
EndProject
Project("{FAE04EC0-301F-11D3-BF4B-00C04F79EFBC}") = "Lesson1", "Lesson1\Lesson1.csproj", "{7D4FAF18-4759-41BD-B41B-1C66D6637D25}"
EndProject
Project("{FAE04EC0-301F-11D3-BF4B-00C04F79EFBC}") = "Lesson4", "Lesson4\Lesson4.csproj", "{4AD8C3FF-021D-4982-B9BF-CFC9653E8D34}"
EndProject
Project("{FAE04EC0-301F-11D3-BF4B-00C04F79EFBC}") = "Lesson3", "Lesson3\Lesson3.csproj", "{5B416D0E-7CB1-4764-B13A-E9B4EC7F2E9D}"
EndProject
Project("{FAE04EC0-301F-11D3-BF4B-00C04F79EFBC}") = "HW3", "HW3\HW3.csproj", "{65A29F89-88B3-4B56-A8E5-626D170850AF}"
EndProject
Project("{FAE04EC0-301F-11D3-BF4B-00C04F79EFBC}") = "HW4", "HW4\HW4.csproj", "{D51B31AD-D045-4263-9F4D-7C9A242234B0}"
EndProject
Project("{FAE04EC0-301F-11D3-BF4B-00C04F79EFBC}") = "Lesson5", "Lesson5\Lesson5.csproj", "{ADB6FEBA-CDC7-4BCF-8CBB-9F48AF63E4EE}"
EndProject
Project("{FAE04EC0-301F-11D3-BF4B-00C04F79EFBC}") = "HW5", "HW5\HW5.csproj", "{A335400C-BE7A-47DE-9CAA-B905916FDB87}"
EndProject
Project("{FAE04EC0-301F-11D3-BF4B-00C04F79EFBC}") = "Lesson6", "Lesson6\Lesson6.csproj", "{7F2D25E0-05F8-47AD-9ED8-96AC02ED0945}"
EndProject
Project("{FAE04EC0-301F-11D3-BF4B-00C04F79EFBC}") = "Lesson 7", "Lesson 7\Lesson 7.csproj", "{A73E76EA-D2C8-4CAC-BE0F-3FBA2B51E84E}"
EndProject
Project("{FAE04EC0-301F-11D3-BF4B-00C04F79EFBC}") = "Lesson 8", "Lesson 8\Lesson 8.csproj", "{4A5FBD09-1391-4E9D-B5CA-16C5540A3B75}"
EndProject
Project("{FAE04EC0-301F-11D3-BF4B-00C04F79EFBC}") = "HW6_8", "HW6_8\HW6_8.csproj", "{854FBB64-613A-4559-9EBA-30DF3B949DAF}"
EndProject
Global
	GlobalSection(SolutionConfigurationPlatforms) = preSolution
		Debug|Any CPU = Debug|Any CPU
		Release|Any CPU = Release|Any CPU
	EndGlobalSection
	GlobalSection(ProjectConfigurationPlatforms) = postSolution
		{E51828F5-28AE-4052-B3CF-F13DA2B6D491}.Debug|Any CPU.ActiveCfg = Debug|Any CPU
		{E51828F5-28AE-4052-B3CF-F13DA2B6D491}.Debug|Any CPU.Build.0 = Debug|Any CPU
		{E51828F5-28AE-4052-B3CF-F13DA2B6D491}.Release|Any CPU.ActiveCfg = Release|Any CPU
		{E51828F5-28AE-4052-B3CF-F13DA2B6D491}.Release|Any CPU.Build.0 = Release|Any CPU
		{7D4FAF18-4759-41BD-B41B-1C66D6637D25}.Debug|Any CPU.ActiveCfg = Debug|Any CPU
		{7D4FAF18-4759-41BD-B41B-1C66D6637D25}.Debug|Any CPU.Build.0 = Debug|Any CPU
		{7D4FAF18-4759-41BD-B41B-1C66D6637D25}.Release|Any CPU.ActiveCfg = Release|Any CPU
		{7D4FAF18-4759-41BD-B41B-1C66D6637D25}.Release|Any CPU.Build.0 = Release|Any CPU
		{4AD8C3FF-021D-4982-B9BF-CFC9653E8D34}.Debug|Any CPU.ActiveCfg = Debug|Any CPU
		{4AD8C3FF-021D-4982-B9BF-CFC9653E8D34}.Debug|Any CPU.Build.0 = Debug|Any CPU
		{4AD8C3FF-021D-4982-B9BF-CFC9653E8D34}.Release|Any CPU.ActiveCfg = Release|Any CPU
		{4AD8C3FF-021D-4982-B9BF-CFC9653E8D34}.Release|Any CPU.Build.0 = Release|Any CPU
		{5B416D0E-7CB1-4764-B13A-E9B4EC7F2E9D}.Debug|Any CPU.ActiveCfg = Debug|Any CPU
		{5B416D0E-7CB1-4764-B13A-E9B4EC7F2E9D}.Debug|Any CPU.Build.0 = Debug|Any CPU
		{5B416D0E-7CB1-4764-B13A-E9B4EC7F2E9D}.Release|Any CPU.ActiveCfg = Release|Any CPU
		{5B416D0E-7CB1-4764-B13A-E9B4EC7F2E9D}.Release|Any CPU.Build.0 = Release|Any CPU
		{65A29F89-88B3-4B56-A8E5-626D170850AF}.Debug|Any CPU.ActiveCfg = Debug|Any CPU
		{65A29F89-88B3-4B56-A8E5-626D170850AF}.Debug|Any CPU.Build.0 = Debug|Any CPU
		{65A29F89-88B3-4B56-A8E5-626D170850AF}.Release|Any CPU.ActiveCfg = Release|Any CPU
		{65A29F89-88B3-4B56-A8E5-626D170850AF}.Release|Any CPU.Build.0 = Release|Any CPU
		{D51B31AD-D045-4263-9F4D-7C9A242234B0}.Debug|Any CPU.ActiveCfg = Debug|Any CPU
		{D51B31AD-D045-4263-9F4D-7C9A242234B0}.Debug|Any CPU.Build.0 = Debug|Any CPU
		{D51B31AD-D045-4263-9F4D-7C9A242234B0}.Release|Any CPU.ActiveCfg = Release|Any CPU
		{D51B31AD-D045-4263-9F4D-7C9A242234B0}.Release|Any CPU.Build.0 = Release|Any CPU
		{ADB6FEBA-CDC7-4BCF-8CBB-9F48AF63E4EE}.Debug|Any CPU.ActiveCfg = Debug|Any CPU
		{ADB6FEBA-CDC7-4BCF-8CBB-9F48AF63E4EE}.Debug|Any CPU.Build.0 = Debug|Any CPU
		{ADB6FEBA-CDC7-4BCF-8CBB-9F48AF63E4EE}.Release|Any CPU.ActiveCfg = Release|Any CPU
		{ADB6FEBA-CDC7-4BCF-8CBB-9F48AF63E4EE}.Release|Any CPU.Build.0 = Release|Any CPU
		{A335400C-BE7A-47DE-9CAA-B905916FDB87}.Debug|Any CPU.ActiveCfg = Debug|Any CPU
		{A335400C-BE7A-47DE-9CAA-B905916FDB87}.Debug|Any CPU.Build.0 = Debug|Any CPU
		{A335400C-BE7A-47DE-9CAA-B905916FDB87}.Release|Any CPU.ActiveCfg = Release|Any CPU
		{A335400C-BE7A-47DE-9CAA-B905916FDB87}.Release|Any CPU.Build.0 = Release|Any CPU
		{7F2D25E0-05F8-47AD-9ED8-96AC02ED0945}.Debug|Any CPU.ActiveCfg = Debug|Any CPU
		{7F2D25E0-05F8-47AD-9ED8-96AC02ED0945}.Debug|Any CPU.Build.0 = Debug|Any CPU
		{7F2D25E0-05F8-47AD-9ED8-96AC02ED0945}.Release|Any CPU.ActiveCfg = Release|Any CPU
		{7F2D25E0-05F8-47AD-9ED8-96AC02ED0945}.Release|Any CPU.Build.0 = Release|Any CPU
		{A73E76EA-D2C8-4CAC-BE0F-3FBA2B51E84E}.Debug|Any CPU.ActiveCfg = Debug|Any CPU
		{A73E76EA-D2C8-4CAC-BE0F-3FBA2B51E84E}.Debug|Any CPU.Build.0 = Debug|Any CPU
		{A73E76EA-D2C8-4CAC-BE0F-3FBA2B51E84E}.Release|Any CPU.ActiveCfg = Release|Any CPU
		{A73E76EA-D2C8-4CAC-BE0F-3FBA2B51E84E}.Release|Any CPU.Build.0 = Release|Any CPU
		{4A5FBD09-1391-4E9D-B5CA-16C5540A3B75}.Debug|Any CPU.ActiveCfg = Debug|Any CPU
		{4A5FBD09-1391-4E9D-B5CA-16C5540A3B75}.Debug|Any CPU.Build.0 = Debug|Any CPU
		{4A5FBD09-1391-4E9D-B5CA-16C5540A3B75}.Release|Any CPU.ActiveCfg = Release|Any CPU
		{4A5FBD09-1391-4E9D-B5CA-16C5540A3B75}.Release|Any CPU.Build.0 = Release|Any CPU
		{854FBB64-613A-4559-9EBA-30DF3B949DAF}.Debug|Any CPU.ActiveCfg = Debug|Any CPU
		{854FBB64-613A-4559-9EBA-30DF3B949DAF}.Debug|Any CPU.Build.0 = Debug|Any CPU
		{854FBB64-613A-4559-9EBA-30DF3B949DAF}.Release|Any CPU.ActiveCfg = Release|Any CPU
		{854FBB64-613A-4559-9EBA-30DF3B949DAF}.Release|Any CPU.Build.0 = Release|Any CPU
	EndGlobalSection
EndGlobal
